// !$*UTF8*$!
{
	archiveVersion = 1;
	classes = {
	};
	objectVersion = 55;
	objects = {

/* Begin PBXBuildFile section */
		961D0B4927F9A420001542F0 /* WordleApp.swift in Sources */ = {isa = PBXBuildFile; fileRef = 961D0B4827F9A420001542F0 /* WordleApp.swift */; };
		961D0B4B27F9A420001542F0 /* ContentView.swift in Sources */ = {isa = PBXBuildFile; fileRef = 961D0B4A27F9A420001542F0 /* ContentView.swift */; };
		961D0B4D27F9A421001542F0 /* Assets.xcassets in Resources */ = {isa = PBXBuildFile; fileRef = 961D0B4C27F9A421001542F0 /* Assets.xcassets */; };
		961D0B5027F9A421001542F0 /* Preview Assets.xcassets in Resources */ = {isa = PBXBuildFile; fileRef = 961D0B4F27F9A421001542F0 /* Preview Assets.xcassets */; };
		961D0B5727F9A582001542F0 /* CustomKeyboardView.swift in Sources */ = {isa = PBXBuildFile; fileRef = 961D0B5627F9A582001542F0 /* CustomKeyboardView.swift */; };
		961D0B5927F9A5BA001542F0 /* GameViewModel.swift in Sources */ = {isa = PBXBuildFile; fileRef = 961D0B5827F9A5BA001542F0 /* GameViewModel.swift */; };
		961D0B5B27F9A935001542F0 /* ColorExtension.swift in Sources */ = {isa = PBXBuildFile; fileRef = 961D0B5A27F9A935001542F0 /* ColorExtension.swift */; };
		96C56A1027F9E083001856D0 /* words.txt in Resources */ = {isa = PBXBuildFile; fileRef = 96C56A0F27F9E083001856D0 /* words.txt */; };
		96CDBB3127F9F2CD00188FF2 /* mots.txt in Resources */ = {isa = PBXBuildFile; fileRef = 96CDBB3027F9F2CD00188FF2 /* mots.txt */; };
		96CDBB3327FA016000188FF2 /* parau.txt in Resources */ = {isa = PBXBuildFile; fileRef = 96CDBB3227FA016000188FF2 /* parau.txt */; };
		96CDBB3627FB0CCD00188FF2 /* Localizable.strings in Resources */ = {isa = PBXBuildFile; fileRef = 96CDBB3827FB0CCD00188FF2 /* Localizable.strings */; };
		96CDBB4027FB111900188FF2 /* GameBoardView.swift in Sources */ = {isa = PBXBuildFile; fileRef = 96CDBB3F27FB111900188FF2 /* GameBoardView.swift */; };
		96CDBB4327FB116C00188FF2 /* CGSizeExtension.swift in Sources */ = {isa = PBXBuildFile; fileRef = 96CDBB4227FB116C00188FF2 /* CGSizeExtension.swift */; };
		96CDBB4527FB118800188FF2 /* BundleExtension.swift in Sources */ = {isa = PBXBuildFile; fileRef = 96CDBB4427FB118800188FF2 /* BundleExtension.swift */; };
		96CDBB4727FB11B600188FF2 /* LanguageModalView.swift in Sources */ = {isa = PBXBuildFile; fileRef = 96CDBB4627FB11B600188FF2 /* LanguageModalView.swift */; };
		96CDBB4927FB11DE00188FF2 /* ChangeLanguageButtonView.swift in Sources */ = {isa = PBXBuildFile; fileRef = 96CDBB4827FB11DE00188FF2 /* ChangeLanguageButtonView.swift */; };
		96CDBB4B27FB121500188FF2 /* ValidateButtonView.swift in Sources */ = {isa = PBXBuildFile; fileRef = 96CDBB4A27FB121500188FF2 /* ValidateButtonView.swift */; };
		96CDBB4D27FB128900188FF2 /* Game.swift in Sources */ = {isa = PBXBuildFile; fileRef = 96CDBB4C27FB128900188FF2 /* Game.swift */; };
		96CDBB4F27FB12B100188FF2 /* GameKeyboard.swift in Sources */ = {isa = PBXBuildFile; fileRef = 96CDBB4E27FB12B100188FF2 /* GameKeyboard.swift */; };
		96CDBB5127FB12C200188FF2 /* WordleSquare.swift in Sources */ = {isa = PBXBuildFile; fileRef = 96CDBB5027FB12C200188FF2 /* WordleSquare.swift */; };
		96CDBB5327FB132500188FF2 /* GameLanguage.swift in Sources */ = {isa = PBXBuildFile; fileRef = 96CDBB5227FB132500188FF2 /* GameLanguage.swift */; };
		96D554A9280048C100B2E6A4 /* parole.txt in Resources */ = {isa = PBXBuildFile; fileRef = 96D554A8280048C100B2E6A4 /* parole.txt */; };
/* End PBXBuildFile section */

/* Begin PBXFileReference section */
		961D0B4527F9A41F001542F0 /* Wordle.app */ = {isa = PBXFileReference; explicitFileType = wrapper.application; includeInIndex = 0; path = Wordle.app; sourceTree = BUILT_PRODUCTS_DIR; };
		961D0B4827F9A420001542F0 /* WordleApp.swift */ = {isa = PBXFileReference; lastKnownFileType = sourcecode.swift; path = WordleApp.swift; sourceTree = "<group>"; };
		961D0B4A27F9A420001542F0 /* ContentView.swift */ = {isa = PBXFileReference; lastKnownFileType = sourcecode.swift; path = ContentView.swift; sourceTree = "<group>"; };
		961D0B4C27F9A421001542F0 /* Assets.xcassets */ = {isa = PBXFileReference; lastKnownFileType = folder.assetcatalog; path = Assets.xcassets; sourceTree = "<group>"; };
		961D0B4F27F9A421001542F0 /* Preview Assets.xcassets */ = {isa = PBXFileReference; lastKnownFileType = folder.assetcatalog; path = "Preview Assets.xcassets"; sourceTree = "<group>"; };
		961D0B5627F9A582001542F0 /* CustomKeyboardView.swift */ = {isa = PBXFileReference; lastKnownFileType = sourcecode.swift; path = CustomKeyboardView.swift; sourceTree = "<group>"; };
		961D0B5827F9A5BA001542F0 /* GameViewModel.swift */ = {isa = PBXFileReference; lastKnownFileType = sourcecode.swift; path = GameViewModel.swift; sourceTree = "<group>"; };
		961D0B5A27F9A935001542F0 /* ColorExtension.swift */ = {isa = PBXFileReference; lastKnownFileType = sourcecode.swift; path = ColorExtension.swift; sourceTree = "<group>"; };
		96C56A0F27F9E083001856D0 /* words.txt */ = {isa = PBXFileReference; lastKnownFileType = text; path = words.txt; sourceTree = "<group>"; };
		96CDBB3027F9F2CD00188FF2 /* mots.txt */ = {isa = PBXFileReference; lastKnownFileType = text; path = mots.txt; sourceTree = "<group>"; };
		96CDBB3227FA016000188FF2 /* parau.txt */ = {isa = PBXFileReference; lastKnownFileType = text; path = parau.txt; sourceTree = "<group>"; };
		96CDBB3727FB0CCD00188FF2 /* en */ = {isa = PBXFileReference; lastKnownFileType = text.plist.strings; name = en; path = en.lproj/Localizable.strings; sourceTree = "<group>"; };
		96CDBB3927FB0CF600188FF2 /* fr */ = {isa = PBXFileReference; lastKnownFileType = text.plist.strings; name = fr; path = fr.lproj/Localizable.strings; sourceTree = "<group>"; };
		96CDBB3A27FB0CF600188FF2 /* ty */ = {isa = PBXFileReference; lastKnownFileType = text.plist.strings; name = ty; path = ty.lproj/Localizable.strings; sourceTree = "<group>"; };
		96CDBB3F27FB111900188FF2 /* GameBoardView.swift */ = {isa = PBXFileReference; lastKnownFileType = sourcecode.swift; path = GameBoardView.swift; sourceTree = "<group>"; };
		96CDBB4227FB116C00188FF2 /* CGSizeExtension.swift */ = {isa = PBXFileReference; lastKnownFileType = sourcecode.swift; path = CGSizeExtension.swift; sourceTree = "<group>"; };
		96CDBB4427FB118800188FF2 /* BundleExtension.swift */ = {isa = PBXFileReference; lastKnownFileType = sourcecode.swift; path = BundleExtension.swift; sourceTree = "<group>"; };
		96CDBB4627FB11B600188FF2 /* LanguageModalView.swift */ = {isa = PBXFileReference; lastKnownFileType = sourcecode.swift; path = LanguageModalView.swift; sourceTree = "<group>"; };
		96CDBB4827FB11DE00188FF2 /* ChangeLanguageButtonView.swift */ = {isa = PBXFileReference; lastKnownFileType = sourcecode.swift; path = ChangeLanguageButtonView.swift; sourceTree = "<group>"; };
		96CDBB4A27FB121500188FF2 /* ValidateButtonView.swift */ = {isa = PBXFileReference; lastKnownFileType = sourcecode.swift; path = ValidateButtonView.swift; sourceTree = "<group>"; };
		96CDBB4C27FB128900188FF2 /* Game.swift */ = {isa = PBXFileReference; lastKnownFileType = sourcecode.swift; path = Game.swift; sourceTree = "<group>"; };
		96CDBB4E27FB12B100188FF2 /* GameKeyboard.swift */ = {isa = PBXFileReference; lastKnownFileType = sourcecode.swift; path = GameKeyboard.swift; sourceTree = "<group>"; };
		96CDBB5027FB12C200188FF2 /* WordleSquare.swift */ = {isa = PBXFileReference; lastKnownFileType = sourcecode.swift; path = WordleSquare.swift; sourceTree = "<group>"; };
		96CDBB5227FB132500188FF2 /* GameLanguage.swift */ = {isa = PBXFileReference; lastKnownFileType = sourcecode.swift; path = GameLanguage.swift; sourceTree = "<group>"; };
		96D554A7280047AC00B2E6A4 /* it */ = {isa = PBXFileReference; lastKnownFileType = text.plist.strings; name = it; path = it.lproj/Localizable.strings; sourceTree = "<group>"; };
		96D554A8280048C100B2E6A4 /* parole.txt */ = {isa = PBXFileReference; lastKnownFileType = text; path = parole.txt; sourceTree = "<group>"; };
/* End PBXFileReference section */

/* Begin PBXFrameworksBuildPhase section */
		961D0B4227F9A41F001542F0 /* Frameworks */ = {
			isa = PBXFrameworksBuildPhase;
			buildActionMask = 2147483647;
			files = (
			);
			runOnlyForDeploymentPostprocessing = 0;
		};
/* End PBXFrameworksBuildPhase section */

/* Begin PBXGroup section */
		961D0B3C27F9A41F001542F0 = {
			isa = PBXGroup;
			children = (
				96CDBB3827FB0CCD00188FF2 /* Localizable.strings */,
				961D0B4727F9A41F001542F0 /* Wordle */,
				961D0B4627F9A41F001542F0 /* Products */,
			);
			sourceTree = "<group>";
		};
		961D0B4627F9A41F001542F0 /* Products */ = {
			isa = PBXGroup;
			children = (
				961D0B4527F9A41F001542F0 /* Wordle.app */,
			);
			name = Products;
			sourceTree = "<group>";
		};
		961D0B4727F9A41F001542F0 /* Wordle */ = {
			isa = PBXGroup;
			children = (
				961D0B4827F9A420001542F0 /* WordleApp.swift */,
				96CDBB3E27FB10EA00188FF2 /* View Models */,
				96CDBB3D27FB10E200188FF2 /* Models */,
				96CDBB3C27FB10DD00188FF2 /* Views */,
				96CDBB3B27FB0EE800188FF2 /* Data */,
				96CDBB4127FB115F00188FF2 /* Extensions */,
				961D0B4C27F9A421001542F0 /* Assets.xcassets */,
				961D0B4E27F9A421001542F0 /* Preview Content */,
			);
			path = Wordle;
			sourceTree = "<group>";
		};
		961D0B4E27F9A421001542F0 /* Preview Content */ = {
			isa = PBXGroup;
			children = (
				961D0B4F27F9A421001542F0 /* Preview Assets.xcassets */,
			);
			path = "Preview Content";
			sourceTree = "<group>";
		};
		96CDBB3B27FB0EE800188FF2 /* Data */ = {
			isa = PBXGroup;
			children = (
				96C56A0F27F9E083001856D0 /* words.txt */,
				96CDBB3027F9F2CD00188FF2 /* mots.txt */,
				96CDBB3227FA016000188FF2 /* parau.txt */,
				96D554A8280048C100B2E6A4 /* parole.txt */,
			);
			path = Data;
			sourceTree = "<group>";
		};
		96CDBB3C27FB10DD00188FF2 /* Views */ = {
			isa = PBXGroup;
			children = (
				961D0B5627F9A582001542F0 /* CustomKeyboardView.swift */,
				961D0B4A27F9A420001542F0 /* ContentView.swift */,
				96CDBB4A27FB121500188FF2 /* ValidateButtonView.swift */,
				96CDBB4827FB11DE00188FF2 /* ChangeLanguageButtonView.swift */,
				96CDBB3F27FB111900188FF2 /* GameBoardView.swift */,
				96CDBB4627FB11B600188FF2 /* LanguageModalView.swift */,
			);
			path = Views;
			sourceTree = "<group>";
		};
		96CDBB3D27FB10E200188FF2 /* Models */ = {
			isa = PBXGroup;
			children = (
				96CDBB4C27FB128900188FF2 /* Game.swift */,
				96CDBB4E27FB12B100188FF2 /* GameKeyboard.swift */,
				96CDBB5027FB12C200188FF2 /* WordleSquare.swift */,
				96CDBB5227FB132500188FF2 /* GameLanguage.swift */,
			);
			path = Models;
			sourceTree = "<group>";
		};
		96CDBB3E27FB10EA00188FF2 /* View Models */ = {
			isa = PBXGroup;
			children = (
				961D0B5827F9A5BA001542F0 /* GameViewModel.swift */,
			);
			path = "View Models";
			sourceTree = "<group>";
		};
		96CDBB4127FB115F00188FF2 /* Extensions */ = {
			isa = PBXGroup;
			children = (
				961D0B5A27F9A935001542F0 /* ColorExtension.swift */,
				96CDBB4227FB116C00188FF2 /* CGSizeExtension.swift */,
				96CDBB4427FB118800188FF2 /* BundleExtension.swift */,
			);
			path = Extensions;
			sourceTree = "<group>";
		};
/* End PBXGroup section */

/* Begin PBXNativeTarget section */
		961D0B4427F9A41F001542F0 /* Wordle */ = {
			isa = PBXNativeTarget;
			buildConfigurationList = 961D0B5327F9A421001542F0 /* Build configuration list for PBXNativeTarget "Wordle" */;
			buildPhases = (
				961D0B4127F9A41F001542F0 /* Sources */,
				961D0B4227F9A41F001542F0 /* Frameworks */,
				961D0B4327F9A41F001542F0 /* Resources */,
			);
			buildRules = (
			);
			dependencies = (
			);
			name = Wordle;
			productName = Wordle;
			productReference = 961D0B4527F9A41F001542F0 /* Wordle.app */;
			productType = "com.apple.product-type.application";
		};
/* End PBXNativeTarget section */

/* Begin PBXProject section */
		961D0B3D27F9A41F001542F0 /* Project object */ = {
			isa = PBXProject;
			attributes = {
				BuildIndependentTargetsInParallel = 1;
				LastSwiftUpdateCheck = 1320;
				LastUpgradeCheck = 1320;
				TargetAttributes = {
					961D0B4427F9A41F001542F0 = {
						CreatedOnToolsVersion = 13.2.1;
					};
				};
			};
			buildConfigurationList = 961D0B4027F9A41F001542F0 /* Build configuration list for PBXProject "Wordle" */;
			compatibilityVersion = "Xcode 13.0";
			developmentRegion = en;
			hasScannedForEncodings = 0;
			knownRegions = (
				en,
				Base,
				ty,
				fr,
				it,
			);
			mainGroup = 961D0B3C27F9A41F001542F0;
			productRefGroup = 961D0B4627F9A41F001542F0 /* Products */;
			projectDirPath = "";
			projectRoot = "";
			targets = (
				961D0B4427F9A41F001542F0 /* Wordle */,
			);
		};
/* End PBXProject section */

/* Begin PBXResourcesBuildPhase section */
		961D0B4327F9A41F001542F0 /* Resources */ = {
			isa = PBXResourcesBuildPhase;
			buildActionMask = 2147483647;
			files = (
				961D0B5027F9A421001542F0 /* Preview Assets.xcassets in Resources */,
				96CDBB3627FB0CCD00188FF2 /* Localizable.strings in Resources */,
				96CDBB3127F9F2CD00188FF2 /* mots.txt in Resources */,
				96C56A1027F9E083001856D0 /* words.txt in Resources */,
				96D554A9280048C100B2E6A4 /* parole.txt in Resources */,
				961D0B4D27F9A421001542F0 /* Assets.xcassets in Resources */,
				96CDBB3327FA016000188FF2 /* parau.txt in Resources */,
			);
			runOnlyForDeploymentPostprocessing = 0;
		};
/* End PBXResourcesBuildPhase section */

/* Begin PBXSourcesBuildPhase section */
		961D0B4127F9A41F001542F0 /* Sources */ = {
			isa = PBXSourcesBuildPhase;
			buildActionMask = 2147483647;
			files = (
				96CDBB4927FB11DE00188FF2 /* ChangeLanguageButtonView.swift in Sources */,
				961D0B4B27F9A420001542F0 /* ContentView.swift in Sources */,
				961D0B4927F9A420001542F0 /* WordleApp.swift in Sources */,
				96CDBB5327FB132500188FF2 /* GameLanguage.swift in Sources */,
				96CDBB4727FB11B600188FF2 /* LanguageModalView.swift in Sources */,
				96CDBB4327FB116C00188FF2 /* CGSizeExtension.swift in Sources */,
				961D0B5727F9A582001542F0 /* CustomKeyboardView.swift in Sources */,
				961D0B5927F9A5BA001542F0 /* GameViewModel.swift in Sources */,
				96CDBB5127FB12C200188FF2 /* WordleSquare.swift in Sources */,
				96CDBB4F27FB12B100188FF2 /* GameKeyboard.swift in Sources */,
				96CDBB4D27FB128900188FF2 /* Game.swift in Sources */,
				96CDBB4B27FB121500188FF2 /* ValidateButtonView.swift in Sources */,
				961D0B5B27F9A935001542F0 /* ColorExtension.swift in Sources */,
				96CDBB4027FB111900188FF2 /* GameBoardView.swift in Sources */,
				96CDBB4527FB118800188FF2 /* BundleExtension.swift in Sources */,
			);
			runOnlyForDeploymentPostprocessing = 0;
		};
/* End PBXSourcesBuildPhase section */

/* Begin PBXVariantGroup section */
		96CDBB3827FB0CCD00188FF2 /* Localizable.strings */ = {
			isa = PBXVariantGroup;
			children = (
				96CDBB3727FB0CCD00188FF2 /* en */,
				96CDBB3927FB0CF600188FF2 /* fr */,
				96CDBB3A27FB0CF600188FF2 /* ty */,
				96D554A7280047AC00B2E6A4 /* it */,
			);
			name = Localizable.strings;
			sourceTree = "<group>";
		};
/* End PBXVariantGroup section */

/* Begin XCBuildConfiguration section */
		961D0B5127F9A421001542F0 /* Debug */ = {
			isa = XCBuildConfiguration;
			buildSettings = {
				ALWAYS_SEARCH_USER_PATHS = NO;
				CLANG_ANALYZER_NONNULL = YES;
				CLANG_ANALYZER_NUMBER_OBJECT_CONVERSION = YES_AGGRESSIVE;
				CLANG_CXX_LANGUAGE_STANDARD = "gnu++17";
				CLANG_CXX_LIBRARY = "libc++";
				CLANG_ENABLE_MODULES = YES;
				CLANG_ENABLE_OBJC_ARC = YES;
				CLANG_ENABLE_OBJC_WEAK = YES;
				CLANG_WARN_BLOCK_CAPTURE_AUTORELEASING = YES;
				CLANG_WARN_BOOL_CONVERSION = YES;
				CLANG_WARN_COMMA = YES;
				CLANG_WARN_CONSTANT_CONVERSION = YES;
				CLANG_WARN_DEPRECATED_OBJC_IMPLEMENTATIONS = YES;
				CLANG_WARN_DIRECT_OBJC_ISA_USAGE = YES_ERROR;
				CLANG_WARN_DOCUMENTATION_COMMENTS = YES;
				CLANG_WARN_EMPTY_BODY = YES;
				CLANG_WARN_ENUM_CONVERSION = YES;
				CLANG_WARN_INFINITE_RECURSION = YES;
				CLANG_WARN_INT_CONVERSION = YES;
				CLANG_WARN_NON_LITERAL_NULL_CONVERSION = YES;
				CLANG_WARN_OBJC_IMPLICIT_RETAIN_SELF = YES;
				CLANG_WARN_OBJC_LITERAL_CONVERSION = YES;
				CLANG_WARN_OBJC_ROOT_CLASS = YES_ERROR;
				CLANG_WARN_QUOTED_INCLUDE_IN_FRAMEWORK_HEADER = YES;
				CLANG_WARN_RANGE_LOOP_ANALYSIS = YES;
				CLANG_WARN_STRICT_PROTOTYPES = YES;
				CLANG_WARN_SUSPICIOUS_MOVE = YES;
				CLANG_WARN_UNGUARDED_AVAILABILITY = YES_AGGRESSIVE;
				CLANG_WARN_UNREACHABLE_CODE = YES;
				CLANG_WARN__DUPLICATE_METHOD_MATCH = YES;
				COPY_PHASE_STRIP = NO;
				DEBUG_INFORMATION_FORMAT = dwarf;
				ENABLE_STRICT_OBJC_MSGSEND = YES;
				ENABLE_TESTABILITY = YES;
				GCC_C_LANGUAGE_STANDARD = gnu11;
				GCC_DYNAMIC_NO_PIC = NO;
				GCC_NO_COMMON_BLOCKS = YES;
				GCC_OPTIMIZATION_LEVEL = 0;
				GCC_PREPROCESSOR_DEFINITIONS = (
					"DEBUG=1",
					"$(inherited)",
				);
				GCC_WARN_64_TO_32_BIT_CONVERSION = YES;
				GCC_WARN_ABOUT_RETURN_TYPE = YES_ERROR;
				GCC_WARN_UNDECLARED_SELECTOR = YES;
				GCC_WARN_UNINITIALIZED_AUTOS = YES_AGGRESSIVE;
				GCC_WARN_UNUSED_FUNCTION = YES;
				GCC_WARN_UNUSED_VARIABLE = YES;
				IPHONEOS_DEPLOYMENT_TARGET = 15.2;
				MTL_ENABLE_DEBUG_INFO = INCLUDE_SOURCE;
				MTL_FAST_MATH = YES;
				ONLY_ACTIVE_ARCH = YES;
				SDKROOT = iphoneos;
				SWIFT_ACTIVE_COMPILATION_CONDITIONS = DEBUG;
				SWIFT_OPTIMIZATION_LEVEL = "-Onone";
			};
			name = Debug;
		};
		961D0B5227F9A421001542F0 /* Release */ = {
			isa = XCBuildConfiguration;
			buildSettings = {
				ALWAYS_SEARCH_USER_PATHS = NO;
				CLANG_ANALYZER_NONNULL = YES;
				CLANG_ANALYZER_NUMBER_OBJECT_CONVERSION = YES_AGGRESSIVE;
				CLANG_CXX_LANGUAGE_STANDARD = "gnu++17";
				CLANG_CXX_LIBRARY = "libc++";
				CLANG_ENABLE_MODULES = YES;
				CLANG_ENABLE_OBJC_ARC = YES;
				CLANG_ENABLE_OBJC_WEAK = YES;
				CLANG_WARN_BLOCK_CAPTURE_AUTORELEASING = YES;
				CLANG_WARN_BOOL_CONVERSION = YES;
				CLANG_WARN_COMMA = YES;
				CLANG_WARN_CONSTANT_CONVERSION = YES;
				CLANG_WARN_DEPRECATED_OBJC_IMPLEMENTATIONS = YES;
				CLANG_WARN_DIRECT_OBJC_ISA_USAGE = YES_ERROR;
				CLANG_WARN_DOCUMENTATION_COMMENTS = YES;
				CLANG_WARN_EMPTY_BODY = YES;
				CLANG_WARN_ENUM_CONVERSION = YES;
				CLANG_WARN_INFINITE_RECURSION = YES;
				CLANG_WARN_INT_CONVERSION = YES;
				CLANG_WARN_NON_LITERAL_NULL_CONVERSION = YES;
				CLANG_WARN_OBJC_IMPLICIT_RETAIN_SELF = YES;
				CLANG_WARN_OBJC_LITERAL_CONVERSION = YES;
				CLANG_WARN_OBJC_ROOT_CLASS = YES_ERROR;
				CLANG_WARN_QUOTED_INCLUDE_IN_FRAMEWORK_HEADER = YES;
				CLANG_WARN_RANGE_LOOP_ANALYSIS = YES;
				CLANG_WARN_STRICT_PROTOTYPES = YES;
				CLANG_WARN_SUSPICIOUS_MOVE = YES;
				CLANG_WARN_UNGUARDED_AVAILABILITY = YES_AGGRESSIVE;
				CLANG_WARN_UNREACHABLE_CODE = YES;
				CLANG_WARN__DUPLICATE_METHOD_MATCH = YES;
				COPY_PHASE_STRIP = NO;
				DEBUG_INFORMATION_FORMAT = "dwarf-with-dsym";
				ENABLE_NS_ASSERTIONS = NO;
				ENABLE_STRICT_OBJC_MSGSEND = YES;
				GCC_C_LANGUAGE_STANDARD = gnu11;
				GCC_NO_COMMON_BLOCKS = YES;
				GCC_WARN_64_TO_32_BIT_CONVERSION = YES;
				GCC_WARN_ABOUT_RETURN_TYPE = YES_ERROR;
				GCC_WARN_UNDECLARED_SELECTOR = YES;
				GCC_WARN_UNINITIALIZED_AUTOS = YES_AGGRESSIVE;
				GCC_WARN_UNUSED_FUNCTION = YES;
				GCC_WARN_UNUSED_VARIABLE = YES;
				IPHONEOS_DEPLOYMENT_TARGET = 15.2;
				MTL_ENABLE_DEBUG_INFO = NO;
				MTL_FAST_MATH = YES;
				SDKROOT = iphoneos;
				SWIFT_COMPILATION_MODE = wholemodule;
				SWIFT_OPTIMIZATION_LEVEL = "-O";
				VALIDATE_PRODUCT = YES;
			};
			name = Release;
		};
		961D0B5427F9A421001542F0 /* Debug */ = {
			isa = XCBuildConfiguration;
			buildSettings = {
				ASSETCATALOG_COMPILER_APPICON_NAME = AppIcon;
				ASSETCATALOG_COMPILER_GLOBAL_ACCENT_COLOR_NAME = AccentColor;
				CODE_SIGN_STYLE = Automatic;
				CURRENT_PROJECT_VERSION = 1;
				DEVELOPMENT_ASSET_PATHS = "\"Wordle/Preview Content\"";
				DEVELOPMENT_TEAM = Q6DV6C6352;
				ENABLE_PREVIEWS = YES;
				GENERATE_INFOPLIST_FILE = YES;
				INFOPLIST_KEY_UIApplicationSceneManifest_Generation = YES;
				INFOPLIST_KEY_UIApplicationSupportsIndirectInputEvents = YES;
				INFOPLIST_KEY_UILaunchScreen_Generation = YES;
				INFOPLIST_KEY_UISupportedInterfaceOrientations_iPad = "UIInterfaceOrientationPortrait UIInterfaceOrientationPortraitUpsideDown UIInterfaceOrientationLandscapeLeft UIInterfaceOrientationLandscapeRight";
				INFOPLIST_KEY_UISupportedInterfaceOrientations_iPhone = "UIInterfaceOrientationPortrait UIInterfaceOrientationLandscapeLeft UIInterfaceOrientationLandscapeRight";
				LD_RUNPATH_SEARCH_PATHS = (
					"$(inherited)",
					"@executable_path/Frameworks",
				);
				MARKETING_VERSION = 1.0;
				PRODUCT_BUNDLE_IDENTIFIER = yann.Wordle;
				PRODUCT_NAME = "$(TARGET_NAME)";
				SWIFT_EMIT_LOC_STRINGS = YES;
				SWIFT_VERSION = 5.0;
				TARGETED_DEVICE_FAMILY = "1,2";
			};
			name = Debug;
		};
		961D0B5527F9A421001542F0 /* Release */ = {
			isa = XCBuildConfiguration;
			buildSettings = {
				ASSETCATALOG_COMPILER_APPICON_NAME = AppIcon;
				ASSETCATALOG_COMPILER_GLOBAL_ACCENT_COLOR_NAME = AccentColor;
				CODE_SIGN_STYLE = Automatic;
				CURRENT_PROJECT_VERSION = 1;
				DEVELOPMENT_ASSET_PATHS = "\"Wordle/Preview Content\"";
				DEVELOPMENT_TEAM = Q6DV6C6352;
				ENABLE_PREVIEWS = YES;
				GENERATE_INFOPLIST_FILE = YES;
				INFOPLIST_KEY_UIApplicationSceneManifest_Generation = YES;
				INFOPLIST_KEY_UIApplicationSupportsIndirectInputEvents = YES;
				INFOPLIST_KEY_UILaunchScreen_Generation = YES;
				INFOPLIST_KEY_UISupportedInterfaceOrientations_iPad = "UIInterfaceOrientationPortrait UIInterfaceOrientationPortraitUpsideDown UIInterfaceOrientationLandscapeLeft UIInterfaceOrientationLandscapeRight";
				INFOPLIST_KEY_UISupportedInterfaceOrientations_iPhone = "UIInterfaceOrientationPortrait UIInterfaceOrientationLandscapeLeft UIInterfaceOrientationLandscapeRight";
				LD_RUNPATH_SEARCH_PATHS = (
					"$(inherited)",
					"@executable_path/Frameworks",
				);
				MARKETING_VERSION = 1.0;
				PRODUCT_BUNDLE_IDENTIFIER = yann.Wordle;
				PRODUCT_NAME = "$(TARGET_NAME)";
				SWIFT_EMIT_LOC_STRINGS = YES;
				SWIFT_VERSION = 5.0;
				TARGETED_DEVICE_FAMILY = "1,2";
			};
			name = Release;
		};
/* End XCBuildConfiguration section */

/* Begin XCConfigurationList section */
		961D0B4027F9A41F001542F0 /* Build configuration list for PBXProject "Wordle" */ = {
			isa = XCConfigurationList;
			buildConfigurations = (
				961D0B5127F9A421001542F0 /* Debug */,
				961D0B5227F9A421001542F0 /* Release */,
			);
			defaultConfigurationIsVisible = 0;
			defaultConfigurationName = Release;
		};
		961D0B5327F9A421001542F0 /* Build configuration list for PBXNativeTarget "Wordle" */ = {
			isa = XCConfigurationList;
			buildConfigurations = (
				961D0B5427F9A421001542F0 /* Debug */,
				961D0B5527F9A421001542F0 /* Release */,
			);
			defaultConfigurationIsVisible = 0;
			defaultConfigurationName = Release;
		};
/* End XCConfigurationList section */
	};
	rootObject = 961D0B3D27F9A41F001542F0 /* Project object */;
}
